
Microsoft Visual Studio Solution File, Format Version 12.00
# Visual Studio 2013
VisualStudioVersion = 12.0.21005.1
MinimumVisualStudioVersion = 10.0.40219.1
Project("{FAE04EC0-301F-11D3-BF4B-00C04F79EFBC}") = "UnitTestApp", "UnitTestApp\UnitTestApp.csproj", "{AF203D3B-F433-407C-A183-64BF3FC860A8}"
EndProject
Project("{FAE04EC0-301F-11D3-BF4B-00C04F79EFBC}") = "CalculatorTest", "CalculatorTest\CalculatorTest.csproj", "{59C22EE3-182B-4EF7-B590-48567B02C35F}"
EndProject
Global
	GlobalSection(SolutionConfigurationPlatforms) = preSolution
		Debug|Any CPU = Debug|Any CPU
		Release|Any CPU = Release|Any CPU
	EndGlobalSection
	GlobalSection(ProjectConfigurationPlatforms) = postSolution
		{AF203D3B-F433-407C-A183-64BF3FC860A8}.Debug|Any CPU.ActiveCfg = Debug|Any CPU
		{AF203D3B-F433-407C-A183-64BF3FC860A8}.Debug|Any CPU.Build.0 = Debug|Any CPU
		{AF203D3B-F433-407C-A183-64BF3FC860A8}.Release|Any CPU.ActiveCfg = Release|Any CPU
		{AF203D3B-F433-407C-A183-64BF3FC860A8}.Release|Any CPU.Build.0 = Release|Any CPU
		{59C22EE3-182B-4EF7-B590-48567B02C35F}.Debug|Any CPU.ActiveCfg = Debug|Any CPU
		{59C22EE3-182B-4EF7-B590-48567B02C35F}.Debug|Any CPU.Build.0 = Debug|Any CPU
		{59C22EE3-182B-4EF7-B590-48567B02C35F}.Release|Any CPU.ActiveCfg = Release|Any CPU
		{59C22EE3-182B-4EF7-B590-48567B02C35F}.Release|Any CPU.Build.0 = Release|Any CPU
	EndGlobalSection
	GlobalSection(SolutionProperties) = preSolution
		HideSolutionNode = FALSE
	EndGlobalSection
EndGlobal
